<Solution>
  <Folder Name="/src/">
    <Project Path="src/Microsoft.Extensions.Configuration.DotEnv.csproj" />
  </Folder>
  <Folder Name="/tests/">
    <Project Path="tests/Microsoft.Extensions.Configuration.DotEnv.Tests.csproj" />
  </Folder>
  <Folder Name="/playground/">
    <Project Path="playground/DotEnvDemo.Api/DotEnvDemo.Api.csproj" />
    <Project Path="playground/DotEnvDemo.AppHost/DotEnvDemo.AppHost.csproj" />
  </Folder>
</Solution>
